
Microsoft Visual Studio Solution File, Format Version 12.00
# Visual Studio Version 17
VisualStudioVersion = 17.13.35931.197 d17.13
MinimumVisualStudioVersion = 10.0.40219.1
Project("{FAE04EC0-301F-11D3-BF4B-00C04F79EFBC}") = "BookerApiTest", "BookerApiTest\BookerApiTest.csproj", "{B9527AA8-8941-4D6D-9FC5-449588E50A6A}"
EndProject
Global
	GlobalSection(SolutionConfigurationPlatforms) = preSolution
		Debug|Any CPU = Debug|Any CPU
		Release|Any CPU = Release|Any CPU
	EndGlobalSection
	GlobalSection(ProjectConfigurationPlatforms) = postSolution
		{B9527AA8-8941-4D6D-9FC5-449588E50A6A}.Debug|Any CPU.ActiveCfg = Debug|Any CPU
		{B9527AA8-8941-4D6D-9FC5-449588E50A6A}.Debug|Any CPU.Build.0 = Debug|Any CPU
		{B9527AA8-8941-4D6D-9FC5-449588E50A6A}.Release|Any CPU.ActiveCfg = Release|Any CPU
		{B9527AA8-8941-4D6D-9FC5-449588E50A6A}.Release|Any CPU.Build.0 = Release|Any CPU
	EndGlobalSection
	GlobalSection(SolutionProperties) = preSolution
		HideSolutionNode = FALSE
	EndGlobalSection
	GlobalSection(ExtensibilityGlobals) = postSolution
		SolutionGuid = {50690FE8-3882-45D8-B3E1-BB307A5D5C96}
	EndGlobalSection
EndGlobal
